
Microsoft Visual Studio Solution File, Format Version 12.00
# Visual Studio Version 17
VisualStudioVersion = 17.0.32014.148
MinimumVisualStudioVersion = 10.0.40219.1
Project("{FAE04EC0-301F-11D3-BF4B-00C04F79EFBC}") = "MessageApp", "MessageApp.csproj", "{9FD6252A-0052-464C-9FAB-3CF4FF20E93C}"
EndProject
Global
	GlobalSection(SolutionConfigurationPlatforms) = preSolution
		Debug|Any CPU = Debug|Any CPU
		Release|Any CPU = Release|Any CPU
	EndGlobalSection
	GlobalSection(ProjectConfigurationPlatforms) = postSolution
		{9FD6252A-0052-464C-9FAB-3CF4FF20E93C}.Debug|Any CPU.ActiveCfg = Debug|Any CPU
		{9FD6252A-0052-464C-9FAB-3CF4FF20E93C}.Debug|Any CPU.Build.0 = Debug|Any CPU
		{9FD6252A-0052-464C-9FAB-3CF4FF20E93C}.Release|Any CPU.ActiveCfg = Release|Any CPU
		{9FD6252A-0052-464C-9FAB-3CF4FF20E93C}.Release|Any CPU.Build.0 = Release|Any CPU
	EndGlobalSection
	GlobalSection(SolutionProperties) = preSolution
		HideSolutionNode = FALSE
	EndGlobalSection
	GlobalSection(ExtensibilityGlobals) = postSolution
		SolutionGuid = {4C429120-F28B-4D63-AAC5-9134AA56D1B3}
	EndGlobalSection
EndGlobal
